{
  "nodes": {
    "bats": {
      "inputs": {
        "nixpkgs": [
          "nixpkgs"
        ],
        "nixpkgs-master": [
          "nixpkgs-master"
        ],
        "utils": [
          "utils"
        ]
      },
      "locked": {
        "lastModified": 1779584346,
        "narHash": "sha256-CiYDeTmxfXVZ336y+ZSQp6t7U5a14MtA4Z+hfqN/wso=",
        "owner": "amarbel-llc",
        "repo": "bats",
        "rev": "55acd6a4faa77c9eea19eaa3c93f71cc56f15d1c",
        "type": "github"
      },
      "original": {
        "owner": "amarbel-llc",
        "repo": "bats",
        "type": "github"
      }
    },
    "bats_2": {
      "inputs": {
        "nixpkgs": [
          "madder",
          "nixpkgs"
        ],
        "nixpkgs-master": [
          "madder",
          "nixpkgs-master"
        ],
        "utils": [
          "madder",
          "utils"
        ]
      },
      "locked": {
        "lastModified": 1779584346,
        "narHash": "sha256-CiYDeTmxfXVZ336y+ZSQp6t7U5a14MtA4Z+hfqN/wso=",
        "owner": "amarbel-llc",
        "repo": "bats",
        "rev": "55acd6a4faa77c9eea19eaa3c93f71cc56f15d1c",
        "type": "github"
      },
      "original": {
        "owner": "amarbel-llc",
        "repo": "bats",
        "type": "github"
      }
    },
    "bats_3": {
      "inputs": {
        "nixpkgs": [
          "madder",
          "tap",
          "nixpkgs"
        ],
        "nixpkgs-master": [
          "madder",
          "tap",
          "nixpkgs-master"
        ],
        "utils": [
          "madder",
          "tap",
          "utils"
        ]
      },
      "locked": {
        "lastModified": 1779584346,
        "narHash": "sha256-CiYDeTmxfXVZ336y+ZSQp6t7U5a14MtA4Z+hfqN/wso=",
        "owner": "amarbel-llc",
        "repo": "bats",
        "rev": "55acd6a4faa77c9eea19eaa3c93f71cc56f15d1c",
        "type": "github"
      },
      "original": {
        "owner": "amarbel-llc",
        "repo": "bats",
        "type": "github"
      }
    },
    "bats_4": {
      "inputs": {
        "nixpkgs": [
          "madder",
          "tommy",
          "nixpkgs"
        ],
        "nixpkgs-master": [
          "madder",
          "tommy",
          "nixpkgs-master"
        ],
        "utils": [
          "madder",
          "tommy",
          "utils"
        ]
      },
      "locked": {
        "lastModified": 1779584346,
        "narHash": "sha256-CiYDeTmxfXVZ336y+ZSQp6t7U5a14MtA4Z+hfqN/wso=",
        "owner": "amarbel-llc",
        "repo": "bats",
        "rev": "55acd6a4faa77c9eea19eaa3c93f71cc56f15d1c",
        "type": "github"
      },
      "original": {
        "owner": "amarbel-llc",
        "repo": "bats",
        "type": "github"
      }
    },
    "bats_5": {
      "inputs": {
        "nixpkgs": [
          "tap",
          "nixpkgs"
        ],
        "nixpkgs-master": [
          "tap",
          "nixpkgs-master"
        ],
        "utils": [
          "tap",
          "utils"
        ]
      },
      "locked": {
        "lastModified": 1779625484,
        "narHash": "sha256-YMbEaU8fnOqZxEZR17N2zRxqHi+USqpfqXoogbWdzhY=",
        "owner": "amarbel-llc",
        "repo": "bats",
        "rev": "1bc985d471a412cbee17709c7416bfc85d115f79",
        "type": "github"
      },
      "original": {
        "owner": "amarbel-llc",
        "repo": "bats",
        "type": "github"
      }
    },
    "bats_6": {
      "inputs": {
        "nixpkgs": [
          "tommy",
          "nixpkgs"
        ],
        "nixpkgs-master": [
          "tommy",
          "nixpkgs-master"
        ],
        "utils": [
          "tommy",
          "utils"
        ]
      },
      "locked": {
        "lastModified": 1779584346,
        "narHash": "sha256-CiYDeTmxfXVZ336y+ZSQp6t7U5a14MtA4Z+hfqN/wso=",
        "owner": "amarbel-llc",
        "repo": "bats",
        "rev": "55acd6a4faa77c9eea19eaa3c93f71cc56f15d1c",
        "type": "github"
      },
      "original": {
        "owner": "amarbel-llc",
        "repo": "bats",
        "type": "github"
      }
    },
    "crane": {
      "locked": {
        "lastModified": 1779130139,
        "narHash": "sha256-BLrtr42azquO7MdGFU5a7KiMl3YpFlTeIXqy1fT5GlQ=",
        "owner": "ipetkov",
        "repo": "crane",
        "rev": "edb38893982a3338972bb4a2ec7ce7c29ba10fd9",
        "type": "github"
      },
      "original": {
        "owner": "ipetkov",
        "repo": "crane",
        "type": "github"
      }
    },
    "crane_2": {
      "locked": {
        "lastModified": 1779130139,
        "narHash": "sha256-BLrtr42azquO7MdGFU5a7KiMl3YpFlTeIXqy1fT5GlQ=",
        "owner": "ipetkov",
        "repo": "crane",
        "rev": "edb38893982a3338972bb4a2ec7ce7c29ba10fd9",
        "type": "github"
      },
      "original": {
        "owner": "ipetkov",
        "repo": "crane",
        "type": "github"
      }
    },
    "crane_3": {
      "locked": {
        "lastModified": 1779130139,
        "narHash": "sha256-BLrtr42azquO7MdGFU5a7KiMl3YpFlTeIXqy1fT5GlQ=",
        "owner": "ipetkov",
        "repo": "crane",
        "rev": "edb38893982a3338972bb4a2ec7ce7c29ba10fd9",
        "type": "github"
      },
      "original": {
        "owner": "ipetkov",
        "repo": "crane",
        "type": "github"
      }
    },
    "crane_4": {
      "locked": {
        "lastModified": 1779130139,
        "narHash": "sha256-BLrtr42azquO7MdGFU5a7KiMl3YpFlTeIXqy1fT5GlQ=",
        "owner": "ipetkov",
        "repo": "crane",
        "rev": "edb38893982a3338972bb4a2ec7ce7c29ba10fd9",
        "type": "github"
      },
      "original": {
        "owner": "ipetkov",
        "repo": "crane",
        "type": "github"
      }
    },
    "crane_5": {
      "locked": {
        "lastModified": 1779130139,
        "narHash": "sha256-BLrtr42azquO7MdGFU5a7KiMl3YpFlTeIXqy1fT5GlQ=",
        "owner": "ipetkov",
        "repo": "crane",
        "rev": "edb38893982a3338972bb4a2ec7ce7c29ba10fd9",
        "type": "github"
      },
      "original": {
        "owner": "ipetkov",
        "repo": "crane",
        "type": "github"
      }
    },
    "crane_6": {
      "locked": {
        "lastModified": 1779130139,
        "narHash": "sha256-BLrtr42azquO7MdGFU5a7KiMl3YpFlTeIXqy1fT5GlQ=",
        "owner": "ipetkov",
        "repo": "crane",
        "rev": "edb38893982a3338972bb4a2ec7ce7c29ba10fd9",
        "type": "github"
      },
      "original": {
        "owner": "ipetkov",
        "repo": "crane",
        "type": "github"
      }
    },
    "flake-utils": {
      "inputs": {
        "systems": "systems"
      },
      "locked": {
        "lastModified": 1731533236,
        "narHash": "sha256-l0KFg5HjrsfsO/JpG+r7fRrqm12kzFHyUHqHCVpMMbI=",
        "owner": "numtide",
        "repo": "flake-utils",
        "rev": "11707dc2f618dd54ca8739b309ec4fc024de578b",
        "type": "github"
      },
      "original": {
        "owner": "numtide",
        "repo": "flake-utils",
        "type": "github"
      }
    },
    "flake-utils_2": {
      "inputs": {
        "systems": "systems_2"
      },
      "locked": {
        "lastModified": 1731533236,
        "narHash": "sha256-l0KFg5HjrsfsO/JpG+r7fRrqm12kzFHyUHqHCVpMMbI=",
        "owner": "numtide",
        "repo": "flake-utils",
        "rev": "11707dc2f618dd54ca8739b309ec4fc024de578b",
        "type": "github"
      },
      "original": {
        "owner": "numtide",
        "repo": "flake-utils",
        "type": "github"
      }
    },
    "flake-utils_3": {
      "inputs": {
        "systems": "systems_3"
      },
      "locked": {
        "lastModified": 1731533236,
        "narHash": "sha256-l0KFg5HjrsfsO/JpG+r7fRrqm12kzFHyUHqHCVpMMbI=",
        "owner": "numtide",
        "repo": "flake-utils",
        "rev": "11707dc2f618dd54ca8739b309ec4fc024de578b",
        "type": "github"
      },
      "original": {
        "owner": "numtide",
        "repo": "flake-utils",
        "type": "github"
      }
    },
    "flake-utils_4": {
      "inputs": {
        "systems": "systems_4"
      },
      "locked": {
        "lastModified": 1731533236,
        "narHash": "sha256-l0KFg5HjrsfsO/JpG+r7fRrqm12kzFHyUHqHCVpMMbI=",
        "owner": "numtide",
        "repo": "flake-utils",
        "rev": "11707dc2f618dd54ca8739b309ec4fc024de578b",
        "type": "github"
      },
      "original": {
        "owner": "numtide",
        "repo": "flake-utils",
        "type": "github"
      }
    },
    "gomod2nix": {
      "inputs": {
        "flake-utils": [
          "madder",
          "purse-first",
          "utils"
        ],
        "nixpkgs-master": [
          "madder",
          "purse-first",
          "nixpkgs-master"
        ]
      },
      "locked": {
        "lastModified": 1779583462,
        "narHash": "sha256-E32c2DtK6w8oJ00RplIgXqY2c4UVobZVTxaLRIbXhEE=",
        "owner": "amarbel-llc",
        "repo": "gomod2nix",
        "rev": "2ae99ee109b3214305f098a4ebccd91b323a86b2",
        "type": "github"
      },
      "original": {
        "owner": "amarbel-llc",
        "repo": "gomod2nix",
        "type": "github"
      }
    },
    "gomod2nix_2": {
      "inputs": {
        "flake-utils": "flake-utils",
        "nixpkgs-master": "nixpkgs-master_2"
      },
      "locked": {
        "lastModified": 1779583462,
        "narHash": "sha256-E32c2DtK6w8oJ00RplIgXqY2c4UVobZVTxaLRIbXhEE=",
        "owner": "amarbel-llc",
        "repo": "gomod2nix",
        "rev": "2ae99ee109b3214305f098a4ebccd91b323a86b2",
        "type": "github"
      },
      "original": {
        "owner": "amarbel-llc",
        "repo": "gomod2nix",
        "type": "github"
      }
    },
    "gomod2nix_3": {
      "inputs": {
        "flake-utils": "flake-utils_2",
        "nixpkgs-master": "nixpkgs-master_5"
      },
      "locked": {
        "lastModified": 1779583462,
        "narHash": "sha256-E32c2DtK6w8oJ00RplIgXqY2c4UVobZVTxaLRIbXhEE=",
        "owner": "amarbel-llc",
        "repo": "gomod2nix",
        "rev": "2ae99ee109b3214305f098a4ebccd91b323a86b2",
        "type": "github"
      },
      "original": {
        "owner": "amarbel-llc",
        "repo": "gomod2nix",
        "type": "github"
      }
    },
    "gomod2nix_4": {
      "inputs": {
        "flake-utils": [
          "purse-first",
          "utils"
        ],
        "nixpkgs-master": [
          "purse-first",
          "nixpkgs-master"
        ]
      },
      "locked": {
        "lastModified": 1779583462,
        "narHash": "sha256-E32c2DtK6w8oJ00RplIgXqY2c4UVobZVTxaLRIbXhEE=",
        "owner": "amarbel-llc",
        "repo": "gomod2nix",
        "rev": "2ae99ee109b3214305f098a4ebccd91b323a86b2",
        "type": "github"
      },
      "original": {
        "owner": "amarbel-llc",
        "repo": "gomod2nix",
        "type": "github"
      }
    },
    "gomod2nix_5": {
      "inputs": {
        "flake-utils": "flake-utils_3",
        "nixpkgs-master": "nixpkgs-master_8"
      },
      "locked": {
        "lastModified": 1779583462,
        "narHash": "sha256-E32c2DtK6w8oJ00RplIgXqY2c4UVobZVTxaLRIbXhEE=",
        "owner": "amarbel-llc",
        "repo": "gomod2nix",
        "rev": "2ae99ee109b3214305f098a4ebccd91b323a86b2",
        "type": "github"
      },
      "original": {
        "owner": "amarbel-llc",
        "repo": "gomod2nix",
        "type": "github"
      }
    },
    "gomod2nix_6": {
      "inputs": {
        "flake-utils": "flake-utils_4",
        "nixpkgs-master": "nixpkgs-master_9"
      },
      "locked": {
        "lastModified": 1779583462,
        "narHash": "sha256-E32c2DtK6w8oJ00RplIgXqY2c4UVobZVTxaLRIbXhEE=",
        "owner": "amarbel-llc",
        "repo": "gomod2nix",
        "rev": "2ae99ee109b3214305f098a4ebccd91b323a86b2",
        "type": "github"
      },
      "original": {
        "owner": "amarbel-llc",
        "repo": "gomod2nix",
        "type": "github"
      }
    },
    "madder": {
      "inputs": {
        "bats": "bats_2",
        "nixpkgs": [
          "nixpkgs"
        ],
        "nixpkgs-master": "nixpkgs-master",
        "purse-first": "purse-first",
        "tap": "tap",
        "tommy": "tommy",
        "utils": [
          "utils"
        ]
      },
      "locked": {
        "lastModified": 1779623789,
        "narHash": "sha256-juDFD3KwOxuXX7ygEsGhFR9cPopH+uUWK+MiEy/n+bk=",
        "owner": "amarbel-llc",
        "repo": "madder",
        "rev": "64391862d374642f5b9f354b210a57bfa4673a15",
        "type": "github"
      },
      "original": {
        "owner": "amarbel-llc",
        "repo": "madder",
        "type": "github"
      }
    },
    "nixpkgs": {
      "inputs": {
        "nixpkgs-master": "nixpkgs-master_3"
      },
      "locked": {
        "lastModified": 1779582857,
        "narHash": "sha256-1J93f5Q7a6yHFX8vGjFbXfiNF6K119hRJcCm9BcOTUk=",
        "owner": "amarbel-llc",
        "repo": "nixpkgs",
        "rev": "8bbc20adbc893ce14130881fd5564a0964f1d8f9",
        "type": "github"
      },
      "original": {
        "owner": "amarbel-llc",
        "repo": "nixpkgs",
        "type": "github"
      }
    },
    "nixpkgs-master": {
      "locked": {
        "lastModified": 1778869304,
        "narHash": "sha256-30sZNZoA1cqF5JNO9fVX+wgiQYjB7HJqqJ4ztCDeBZE=",
        "owner": "NixOS",
        "repo": "nixpkgs",
        "rev": "d233902339c02a9c334e7e593de68855ad26c4cb",
        "type": "github"
      },
      "original": {
        "owner": "NixOS",
        "repo": "nixpkgs",
        "rev": "d233902339c02a9c334e7e593de68855ad26c4cb",
        "type": "github"
      }
    },
    "nixpkgs-master_2": {
      "locked": {
        "lastModified": 1778869304,
        "narHash": "sha256-30sZNZoA1cqF5JNO9fVX+wgiQYjB7HJqqJ4ztCDeBZE=",
        "owner": "NixOS",
        "repo": "nixpkgs",
        "rev": "d233902339c02a9c334e7e593de68855ad26c4cb",
        "type": "github"
      },
      "original": {
        "owner": "NixOS",
        "repo": "nixpkgs",
        "rev": "d233902339c02a9c334e7e593de68855ad26c4cb",
        "type": "github"
      }
    },
    "nixpkgs-master_3": {
      "locked": {
        "lastModified": 1778869304,
        "narHash": "sha256-30sZNZoA1cqF5JNO9fVX+wgiQYjB7HJqqJ4ztCDeBZE=",
        "owner": "NixOS",
        "repo": "nixpkgs",
        "rev": "d233902339c02a9c334e7e593de68855ad26c4cb",
        "type": "github"
      },
      "original": {
        "owner": "NixOS",
        "repo": "nixpkgs",
        "rev": "d233902339c02a9c334e7e593de68855ad26c4cb",
        "type": "github"
      }
    },
    "nixpkgs-master_4": {
      "locked": {
        "lastModified": 1778869304,
        "narHash": "sha256-30sZNZoA1cqF5JNO9fVX+wgiQYjB7HJqqJ4ztCDeBZE=",
        "owner": "NixOS",
        "repo": "nixpkgs",
        "rev": "d233902339c02a9c334e7e593de68855ad26c4cb",
        "type": "github"
      },
      "original": {
        "owner": "NixOS",
        "repo": "nixpkgs",
        "rev": "d233902339c02a9c334e7e593de68855ad26c4cb",
        "type": "github"
      }
    },
    "nixpkgs-master_5": {
      "locked": {
        "lastModified": 1778869304,
        "narHash": "sha256-30sZNZoA1cqF5JNO9fVX+wgiQYjB7HJqqJ4ztCDeBZE=",
        "owner": "NixOS",
        "repo": "nixpkgs",
        "rev": "d233902339c02a9c334e7e593de68855ad26c4cb",
        "type": "github"
      },
      "original": {
        "owner": "NixOS",
        "repo": "nixpkgs",
        "rev": "d233902339c02a9c334e7e593de68855ad26c4cb",
        "type": "github"
      }
    },
    "nixpkgs-master_6": {
      "locked": {
        "lastModified": 1778869304,
        "narHash": "sha256-30sZNZoA1cqF5JNO9fVX+wgiQYjB7HJqqJ4ztCDeBZE=",
        "owner": "NixOS",
        "repo": "nixpkgs",
        "rev": "d233902339c02a9c334e7e593de68855ad26c4cb",
        "type": "github"
      },
      "original": {
        "owner": "NixOS",
        "repo": "nixpkgs",
        "rev": "d233902339c02a9c334e7e593de68855ad26c4cb",
        "type": "github"
      }
    },
    "nixpkgs-master_7": {
      "locked": {
        "lastModified": 1778869304,
        "narHash": "sha256-30sZNZoA1cqF5JNO9fVX+wgiQYjB7HJqqJ4ztCDeBZE=",
        "owner": "NixOS",
        "repo": "nixpkgs",
        "rev": "d233902339c02a9c334e7e593de68855ad26c4cb",
        "type": "github"
      },
      "original": {
        "owner": "NixOS",
        "repo": "nixpkgs",
        "rev": "d233902339c02a9c334e7e593de68855ad26c4cb",
        "type": "github"
      }
    },
    "nixpkgs-master_8": {
      "locked": {
        "lastModified": 1778869304,
        "narHash": "sha256-30sZNZoA1cqF5JNO9fVX+wgiQYjB7HJqqJ4ztCDeBZE=",
        "owner": "NixOS",
        "repo": "nixpkgs",
        "rev": "d233902339c02a9c334e7e593de68855ad26c4cb",
        "type": "github"
      },
      "original": {
        "owner": "NixOS",
        "repo": "nixpkgs",
        "rev": "d233902339c02a9c334e7e593de68855ad26c4cb",
        "type": "github"
      }
    },
    "nixpkgs-master_9": {
      "locked": {
        "lastModified": 1778869304,
        "narHash": "sha256-30sZNZoA1cqF5JNO9fVX+wgiQYjB7HJqqJ4ztCDeBZE=",
        "owner": "NixOS",
        "repo": "nixpkgs",
        "rev": "d233902339c02a9c334e7e593de68855ad26c4cb",
        "type": "github"
      },
      "original": {
        "owner": "NixOS",
        "repo": "nixpkgs",
        "rev": "d233902339c02a9c334e7e593de68855ad26c4cb",
        "type": "github"
      }
    },
    "nixpkgs_2": {
      "inputs": {
        "nixpkgs-master": "nixpkgs-master_6"
      },
      "locked": {
        "lastModified": 1779646110,
        "narHash": "sha256-w6L8yE7Gd5VvDaL2RW+pCR79PA0T3nz/vXPyWvEm5j0=",
        "owner": "amarbel-llc",
        "repo": "nixpkgs",
        "rev": "4e83cbff83064b129dfe23b5d258492d1a4b6ea8",
        "type": "github"
      },
      "original": {
        "owner": "amarbel-llc",
        "repo": "nixpkgs",
        "type": "github"
      }
    },
    "purse-first": {
      "inputs": {
        "crane": "crane",
        "gomod2nix": "gomod2nix",
        "nixpkgs": [
          "madder",
          "nixpkgs"
        ],
        "nixpkgs-master": [
          "madder",
          "nixpkgs-master"
        ],
        "rust-overlay": "rust-overlay",
        "utils": [
          "madder",
          "utils"
        ]
      },
      "locked": {
        "lastModified": 1779622964,
        "narHash": "sha256-fHz+ThV0NiYcxK5n949CnM4cRlwEYapWK/mjfeG90pY=",
        "owner": "amarbel-llc",
        "repo": "purse-first",
        "rev": "eb457be213d6c2d01c90f217ebd5da190416d74c",
        "type": "github"
      },
      "original": {
        "owner": "amarbel-llc",
        "repo": "purse-first",
        "type": "github"
      }
    },
    "purse-first_2": {
      "inputs": {
        "crane": "crane_4",
        "gomod2nix": "gomod2nix_4",
        "nixpkgs": [
          "nixpkgs"
        ],
        "nixpkgs-master": [
          "nixpkgs-master"
        ],
        "rust-overlay": "rust-overlay_4",
        "utils": [
          "utils"
        ]
      },
      "locked": {
        "lastModified": 1779622964,
        "narHash": "sha256-fHz+ThV0NiYcxK5n949CnM4cRlwEYapWK/mjfeG90pY=",
        "owner": "amarbel-llc",
        "repo": "purse-first",
        "rev": "eb457be213d6c2d01c90f217ebd5da190416d74c",
        "type": "github"
      },
      "original": {
        "owner": "amarbel-llc",
        "repo": "purse-first",
        "type": "github"
      }
    },
    "root": {
      "inputs": {
        "bats": "bats",
        "madder": "madder",
        "nixpkgs": "nixpkgs_2",
        "nixpkgs-master": "nixpkgs-master_7",
        "purse-first": "purse-first_2",
        "tap": "tap_3",
        "tommy": "tommy_2",
        "utils": "utils"
      }
    },
    "rust-overlay": {
      "inputs": {
        "nixpkgs": [
          "madder",
          "purse-first",
          "nixpkgs"
        ]
      },
      "locked": {
        "lastModified": 1779592685,
        "narHash": "sha256-p9d56GezhHRf4QfANxwa1d+fvwShvjB5XUhdIl7WEd0=",
        "owner": "oxalica",
        "repo": "rust-overlay",
        "rev": "3a58b199e7c83a80b85c28044f808085ba7e941c",
        "type": "github"
      },
      "original": {
        "owner": "oxalica",
        "repo": "rust-overlay",
        "type": "github"
      }
    },
    "rust-overlay_2": {
      "inputs": {
        "nixpkgs": [
          "madder",
          "tap",
          "nixpkgs"
        ]
      },
      "locked": {
        "lastModified": 1779592685,
        "narHash": "sha256-p9d56GezhHRf4QfANxwa1d+fvwShvjB5XUhdIl7WEd0=",
        "owner": "oxalica",
        "repo": "rust-overlay",
        "rev": "3a58b199e7c83a80b85c28044f808085ba7e941c",
        "type": "github"
      },
      "original": {
        "owner": "oxalica",
        "repo": "rust-overlay",
        "type": "github"
      }
    },
    "rust-overlay_3": {
      "inputs": {
        "nixpkgs": [
          "madder",
          "tommy",
          "tap",
          "nixpkgs"
        ]
      },
      "locked": {
        "lastModified": 1779592685,
        "narHash": "sha256-p9d56GezhHRf4QfANxwa1d+fvwShvjB5XUhdIl7WEd0=",
        "owner": "oxalica",
        "repo": "rust-overlay",
        "rev": "3a58b199e7c83a80b85c28044f808085ba7e941c",
        "type": "github"
      },
      "original": {
        "owner": "oxalica",
        "repo": "rust-overlay",
        "type": "github"
      }
    },
    "rust-overlay_4": {
      "inputs": {
        "nixpkgs": [
          "purse-first",
          "nixpkgs"
        ]
      },
      "locked": {
        "lastModified": 1779592685,
        "narHash": "sha256-p9d56GezhHRf4QfANxwa1d+fvwShvjB5XUhdIl7WEd0=",
        "owner": "oxalica",
        "repo": "rust-overlay",
        "rev": "3a58b199e7c83a80b85c28044f808085ba7e941c",
        "type": "github"
      },
      "original": {
        "owner": "oxalica",
        "repo": "rust-overlay",
        "type": "github"
      }
    },
    "rust-overlay_5": {
      "inputs": {
        "nixpkgs": [
          "tap",
          "nixpkgs"
        ]
      },
      "locked": {
        "lastModified": 1779592685,
        "narHash": "sha256-p9d56GezhHRf4QfANxwa1d+fvwShvjB5XUhdIl7WEd0=",
        "owner": "oxalica",
        "repo": "rust-overlay",
        "rev": "3a58b199e7c83a80b85c28044f808085ba7e941c",
        "type": "github"
      },
      "original": {
        "owner": "oxalica",
        "repo": "rust-overlay",
        "type": "github"
      }
    },
    "rust-overlay_6": {
      "inputs": {
        "nixpkgs": [
          "tommy",
          "tap",
          "nixpkgs"
        ]
      },
      "locked": {
        "lastModified": 1779592685,
        "narHash": "sha256-p9d56GezhHRf4QfANxwa1d+fvwShvjB5XUhdIl7WEd0=",
        "owner": "oxalica",
        "repo": "rust-overlay",
        "rev": "3a58b199e7c83a80b85c28044f808085ba7e941c",
        "type": "github"
      },
      "original": {
        "owner": "oxalica",
        "repo": "rust-overlay",
        "type": "github"
      }
    },
    "systems": {
      "locked": {
        "lastModified": 1681028828,
        "narHash": "sha256-Vy1rq5AaRuLzOxct8nz4T6wlgyUR7zLU309k9mBC768=",
        "owner": "nix-systems",
        "repo": "default",
        "rev": "da67096a3b9bf56a91d16901293e51ba5b49a27e",
        "type": "github"
      },
      "original": {
        "owner": "nix-systems",
        "repo": "default",
        "type": "github"
      }
    },
    "systems_2": {
      "locked": {
        "lastModified": 1681028828,
        "narHash": "sha256-Vy1rq5AaRuLzOxct8nz4T6wlgyUR7zLU309k9mBC768=",
        "owner": "nix-systems",
        "repo": "default",
        "rev": "da67096a3b9bf56a91d16901293e51ba5b49a27e",
        "type": "github"
      },
      "original": {
        "owner": "nix-systems",
        "repo": "default",
        "type": "github"
      }
    },
    "systems_3": {
      "locked": {
        "lastModified": 1681028828,
        "narHash": "sha256-Vy1rq5AaRuLzOxct8nz4T6wlgyUR7zLU309k9mBC768=",
        "owner": "nix-systems",
        "repo": "default",
        "rev": "da67096a3b9bf56a91d16901293e51ba5b49a27e",
        "type": "github"
      },
      "original": {
        "owner": "nix-systems",
        "repo": "default",
        "type": "github"
      }
    },
    "systems_4": {
      "locked": {
        "lastModified": 1681028828,
        "narHash": "sha256-Vy1rq5AaRuLzOxct8nz4T6wlgyUR7zLU309k9mBC768=",
        "owner": "nix-systems",
        "repo": "default",
        "rev": "da67096a3b9bf56a91d16901293e51ba5b49a27e",
        "type": "github"
      },
      "original": {
        "owner": "nix-systems",
        "repo": "default",
        "type": "github"
      }
    },
    "systems_5": {
      "locked": {
        "lastModified": 1681028828,
        "narHash": "sha256-Vy1rq5AaRuLzOxct8nz4T6wlgyUR7zLU309k9mBC768=",
        "owner": "nix-systems",
        "repo": "default",
        "rev": "da67096a3b9bf56a91d16901293e51ba5b49a27e",
        "type": "github"
      },
      "original": {
        "owner": "nix-systems",
        "repo": "default",
        "type": "github"
      }
    },
    "tap": {
      "inputs": {
        "bats": "bats_3",
        "crane": "crane_2",
        "gomod2nix": "gomod2nix_2",
        "nixpkgs": [
          "madder",
          "nixpkgs"
        ],
        "nixpkgs-master": [
          "madder",
          "nixpkgs-master"
        ],
        "rust-overlay": "rust-overlay_2",
        "treefmt-nix": "treefmt-nix",
        "utils": [
          "madder",
          "utils"
        ]
      },
      "locked": {
        "lastModified": 1779623028,
        "narHash": "sha256-Evu9C5UBLCUNHTE92GCWwPjRPRhDbB/GJhvOzjW8Xqs=",
        "owner": "amarbel-llc",
        "repo": "tap",
        "rev": "56f9e744bc1532aa5dc2843e5b0c0379198b2f75",
        "type": "github"
      },
      "original": {
        "owner": "amarbel-llc",
        "repo": "tap",
        "type": "github"
      }
    },
    "tap_2": {
      "inputs": {
        "bats": [
          "madder",
          "tommy",
          "bats"
        ],
        "crane": "crane_3",
        "gomod2nix": "gomod2nix_3",
        "nixpkgs": [
          "madder",
          "tommy",
          "nixpkgs"
        ],
        "nixpkgs-master": [
          "madder",
          "tommy",
          "nixpkgs-master"
        ],
        "rust-overlay": "rust-overlay_3",
        "treefmt-nix": "treefmt-nix_2",
        "utils": [
          "madder",
          "tommy",
          "utils"
        ]
      },
      "locked": {
        "lastModified": 1779623028,
        "narHash": "sha256-Evu9C5UBLCUNHTE92GCWwPjRPRhDbB/GJhvOzjW8Xqs=",
        "owner": "amarbel-llc",
        "repo": "tap",
        "rev": "56f9e744bc1532aa5dc2843e5b0c0379198b2f75",
        "type": "github"
      },
      "original": {
        "owner": "amarbel-llc",
        "repo": "tap",
        "type": "github"
      }
    },
    "tap_3": {
      "inputs": {
        "bats": "bats_5",
        "crane": "crane_5",
        "gomod2nix": "gomod2nix_5",
        "nixpkgs": [
          "nixpkgs"
        ],
        "nixpkgs-master": [
          "nixpkgs-master"
        ],
        "rust-overlay": "rust-overlay_5",
        "treefmt-nix": "treefmt-nix_3",
        "utils": [
          "utils"
        ]
      },
      "locked": {
        "lastModified": 1779646219,
        "narHash": "sha256-XGD1n6U5izA1eZBLI+0ZrNS7GYphOobTUzs1xYV8bug=",
        "owner": "amarbel-llc",
        "repo": "tap",
        "rev": "cf8c0c49b98b48934cbd8dfb3df30eaefa0d9ad1",
        "type": "github"
      },
      "original": {
        "owner": "amarbel-llc",
        "repo": "tap",
        "type": "github"
      }
    },
    "tap_4": {
      "inputs": {
        "bats": [
          "tommy",
          "bats"
        ],
        "crane": "crane_6",
        "gomod2nix": "gomod2nix_6",
        "nixpkgs": [
          "tommy",
          "nixpkgs"
        ],
        "nixpkgs-master": [
          "tommy",
          "nixpkgs-master"
        ],
        "rust-overlay": "rust-overlay_6",
        "treefmt-nix": "treefmt-nix_4",
        "utils": [
          "tommy",
          "utils"
        ]
      },
      "locked": {
        "lastModified": 1779623028,
        "narHash": "sha256-Evu9C5UBLCUNHTE92GCWwPjRPRhDbB/GJhvOzjW8Xqs=",
        "owner": "amarbel-llc",
        "repo": "tap",
        "rev": "56f9e744bc1532aa5dc2843e5b0c0379198b2f75",
        "type": "github"
      },
      "original": {
        "owner": "amarbel-llc",
        "repo": "tap",
        "type": "github"
      }
    },
    "tommy": {
      "inputs": {
        "bats": "bats_4",
        "nixpkgs": "nixpkgs",
        "nixpkgs-master": "nixpkgs-master_4",
        "tap": "tap_2",
        "utils": [
          "madder",
          "utils"
        ]
      },
      "locked": {
        "lastModified": 1779623316,
        "narHash": "sha256-Qu9juy189rGisvQLgdyh3MdW6AuVMcb8GvHAIhmG8PI=",
        "owner": "amarbel-llc",
        "repo": "tommy",
        "rev": "f2c3eb59ba00884649cf35801169e84ffa9bc05f",
        "type": "github"
      },
      "original": {
        "owner": "amarbel-llc",
        "repo": "tommy",
        "type": "github"
      }
    },
    "tommy_2": {
      "inputs": {
        "bats": "bats_6",
        "nixpkgs": [
          "nixpkgs"
        ],
        "nixpkgs-master": [
          "nixpkgs-master"
        ],
        "tap": "tap_4",
        "utils": [
          "utils"
        ]
      },
      "locked": {
        "lastModified": 1779623316,
        "narHash": "sha256-Qu9juy189rGisvQLgdyh3MdW6AuVMcb8GvHAIhmG8PI=",
        "owner": "amarbel-llc",
        "repo": "tommy",
        "rev": "f2c3eb59ba00884649cf35801169e84ffa9bc05f",
        "type": "github"
      },
      "original": {
        "owner": "amarbel-llc",
        "repo": "tommy",
        "type": "github"
      }
    },
    "treefmt-nix": {
      "inputs": {
        "nixpkgs": [
          "madder",
          "tap",
          "nixpkgs"
        ]
      },
      "locked": {
        "lastModified": 1775636079,
        "narHash": "sha256-pc20NRoMdiar8oPQceQT47UUZMBTiMdUuWrYu2obUP0=",
        "owner": "numtide",
        "repo": "treefmt-nix",
        "rev": "790751ff7fd3801feeaf96d7dc416a8d581265ba",
        "type": "github"
      },
      "original": {
        "owner": "numtide",
        "repo": "treefmt-nix",
        "type": "github"
      }
    },
    "treefmt-nix_2": {
      "inputs": {
        "nixpkgs": [
          "madder",
          "tommy",
          "tap",
          "nixpkgs"
        ]
      },
      "locked": {
        "lastModified": 1775636079,
        "narHash": "sha256-pc20NRoMdiar8oPQceQT47UUZMBTiMdUuWrYu2obUP0=",
        "owner": "numtide",
        "repo": "treefmt-nix",
        "rev": "790751ff7fd3801feeaf96d7dc416a8d581265ba",
        "type": "github"
      },
      "original": {
        "owner": "numtide",
        "repo": "treefmt-nix",
        "type": "github"
      }
    },
    "treefmt-nix_3": {
      "inputs": {
        "nixpkgs": [
          "tap",
          "nixpkgs"
        ]
      },
      "locked": {
        "lastModified": 1775636079,
        "narHash": "sha256-pc20NRoMdiar8oPQceQT47UUZMBTiMdUuWrYu2obUP0=",
        "owner": "numtide",
        "repo": "treefmt-nix",
        "rev": "790751ff7fd3801feeaf96d7dc416a8d581265ba",
        "type": "github"
      },
      "original": {
        "owner": "numtide",
        "repo": "treefmt-nix",
        "type": "github"
      }
    },
    "treefmt-nix_4": {
      "inputs": {
        "nixpkgs": [
          "tommy",
          "tap",
          "nixpkgs"
        ]
      },
      "locked": {
        "lastModified": 1775636079,
        "narHash": "sha256-pc20NRoMdiar8oPQceQT47UUZMBTiMdUuWrYu2obUP0=",
        "owner": "numtide",
        "repo": "treefmt-nix",
        "rev": "790751ff7fd3801feeaf96d7dc416a8d581265ba",
        "type": "github"
      },
      "original": {
        "owner": "numtide",
        "repo": "treefmt-nix",
        "type": "github"
      }
    },
    "utils": {
      "inputs": {
        "systems": "systems_5"
      },
      "locked": {
        "lastModified": 1731533236,
        "narHash": "sha256-l0KFg5HjrsfsO/JpG+r7fRrqm12kzFHyUHqHCVpMMbI=",
        "rev": "11707dc2f618dd54ca8739b309ec4fc024de578b",
        "revCount": 102,
        "type": "tarball",
        "url": "https://api.flakehub.com/f/pinned/numtide/flake-utils/0.1.102%2Brev-11707dc2f618dd54ca8739b309ec4fc024de578b/0193276d-5b8f-7dbc-acf1-41cb7b54ad2e/source.tar.gz"
      },
      "original": {
        "type": "tarball",
        "url": "https://flakehub.com/f/numtide/flake-utils/0.1.102"
      }
    }
  },
  "root": "root",
  "version": 7
}
